// !$*UTF8*$!
{
	archiveVersion = 1;
	classes = {
	};
	objectVersion = 46;
	objects = {

/* Begin PBXBuildFile section */
		012F29D31AD4524700346AC7 /* mpack-common.c in Sources */ = {isa = PBXBuildFile; fileRef = 012F29B11AD4524700346AC7 /* mpack-common.c */; };
		012F29D41AD4524700346AC7 /* mpack-expect.c in Sources */ = {isa = PBXBuildFile; fileRef = 012F29B31AD4524700346AC7 /* mpack-expect.c */; };
		012F29D61AD4524700346AC7 /* mpack-node.c in Sources */ = {isa = PBXBuildFile; fileRef = 012F29B71AD4524700346AC7 /* mpack-node.c */; };
		012F29D71AD4524700346AC7 /* mpack-platform.c in Sources */ = {isa = PBXBuildFile; fileRef = 012F29B91AD4524700346AC7 /* mpack-platform.c */; };
		012F29D81AD4524700346AC7 /* mpack-reader.c in Sources */ = {isa = PBXBuildFile; fileRef = 012F29BB1AD4524700346AC7 /* mpack-reader.c */; };
		012F29D91AD4524700346AC7 /* mpack-writer.c in Sources */ = {isa = PBXBuildFile; fileRef = 012F29BD1AD4524700346AC7 /* mpack-writer.c */; };
		012F29DA1AD4524700346AC7 /* test.c in Sources */ = {isa = PBXBuildFile; fileRef = 012F29C21AD4524700346AC7 /* test.c */; };
		012F29DB1AD4524700346AC7 /* test-buffer.c in Sources */ = {isa = PBXBuildFile; fileRef = 012F29C41AD4524700346AC7 /* test-buffer.c */; };
		012F29DC1AD4524700346AC7 /* test-file.c in Sources */ = {isa = PBXBuildFile; fileRef = 012F29C61AD4524700346AC7 /* test-file.c */; };
		012F29DD1AD4524700346AC7 /* test-malloc.c in Sources */ = {isa = PBXBuildFile; fileRef = 012F29C81AD4524700346AC7 /* test-malloc.c */; };
		012F29DE1AD4524700346AC7 /* test-node.c in Sources */ = {isa = PBXBuildFile; fileRef = 012F29CA1AD4524700346AC7 /* test-node.c */; };
		012F29DF1AD4524700346AC7 /* test-expect.c in Sources */ = {isa = PBXBuildFile; fileRef = 012F29CC1AD4524700346AC7 /* test-expect.c */; };
		012F29E01AD4524700346AC7 /* test-tag.c in Sources */ = {isa = PBXBuildFile; fileRef = 012F29CE1AD4524700346AC7 /* test-tag.c */; };
		012F29E11AD4524700346AC7 /* test-write.c in Sources */ = {isa = PBXBuildFile; fileRef = 012F29D01AD4524700346AC7 /* test-write.c */; };
/* End PBXBuildFile section */

/* Begin PBXCopyFilesBuildPhase section */
		012C2DA71AD450E00034C7BE /* CopyFiles */ = {
			isa = PBXCopyFilesBuildPhase;
			buildActionMask = 2147483647;
			dstPath = /usr/share/man/man1/;
			dstSubfolderSpec = 0;
			files = (
			);
			runOnlyForDeploymentPostprocessing = 1;
		};
/* End PBXCopyFilesBuildPhase section */

/* Begin PBXFileReference section */
		012C2DA91AD450E10034C7BE /* MPack */ = {isa = PBXFileReference; explicitFileType = "compiled.mach-o.executable"; includeInIndex = 0; path = MPack; sourceTree = BUILT_PRODUCTS_DIR; };
		012F29B11AD4524700346AC7 /* mpack-common.c */ = {isa = PBXFileReference; fileEncoding = 4; lastKnownFileType = sourcecode.c.c; path = "mpack-common.c"; sourceTree = "<group>"; };
		012F29B21AD4524700346AC7 /* mpack-common.h */ = {isa = PBXFileReference; fileEncoding = 4; lastKnownFileType = sourcecode.c.h; path = "mpack-common.h"; sourceTree = "<group>"; };
		012F29B31AD4524700346AC7 /* mpack-expect.c */ = {isa = PBXFileReference; fileEncoding = 4; lastKnownFileType = sourcecode.c.c; path = "mpack-expect.c"; sourceTree = "<group>"; };
		012F29B41AD4524700346AC7 /* mpack-expect.h */ = {isa = PBXFileReference; fileEncoding = 4; lastKnownFileType = sourcecode.c.h; path = "mpack-expect.h"; sourceTree = "<group>"; };
		012F29B71AD4524700346AC7 /* mpack-node.c */ = {isa = PBXFileReference; fileEncoding = 4; lastKnownFileType = sourcecode.c.c; path = "mpack-node.c"; sourceTree = "<group>"; };
		012F29B81AD4524700346AC7 /* mpack-node.h */ = {isa = PBXFileReference; fileEncoding = 4; lastKnownFileType = sourcecode.c.h; path = "mpack-node.h"; sourceTree = "<group>"; };
		012F29B91AD4524700346AC7 /* mpack-platform.c */ = {isa = PBXFileReference; fileEncoding = 4; lastKnownFileType = sourcecode.c.c; path = "mpack-platform.c"; sourceTree = "<group>"; };
		012F29BA1AD4524700346AC7 /* mpack-platform.h */ = {isa = PBXFileReference; fileEncoding = 4; lastKnownFileType = sourcecode.c.h; path = "mpack-platform.h"; sourceTree = "<group>"; };
		012F29BB1AD4524700346AC7 /* mpack-reader.c */ = {isa = PBXFileReference; fileEncoding = 4; lastKnownFileType = sourcecode.c.c; path = "mpack-reader.c"; sourceTree = "<group>"; };
		012F29BC1AD4524700346AC7 /* mpack-reader.h */ = {isa = PBXFileReference; fileEncoding = 4; lastKnownFileType = sourcecode.c.h; path = "mpack-reader.h"; sourceTree = "<group>"; };
		012F29BD1AD4524700346AC7 /* mpack-writer.c */ = {isa = PBXFileReference; fileEncoding = 4; lastKnownFileType = sourcecode.c.c; path = "mpack-writer.c"; sourceTree = "<group>"; };
		012F29BE1AD4524700346AC7 /* mpack-writer.h */ = {isa = PBXFileReference; fileEncoding = 4; lastKnownFileType = sourcecode.c.h; path = "mpack-writer.h"; sourceTree = "<group>"; };
		012F29BF1AD4524700346AC7 /* mpack.h */ = {isa = PBXFileReference; fileEncoding = 4; lastKnownFileType = sourcecode.c.h; path = mpack.h; sourceTree = "<group>"; };
		012F29C01AD4524700346AC7 /* mpack-config.h.sample */ = {isa = PBXFileReference; fileEncoding = 4; lastKnownFileType = text; path = "mpack-config.h.sample"; sourceTree = "<group>"; };
		012F29C21AD4524700346AC7 /* test.c */ = {isa = PBXFileReference; fileEncoding = 4; lastKnownFileType = sourcecode.c.c; path = test.c; sourceTree = "<group>"; };
		012F29C31AD4524700346AC7 /* mpack-config.h */ = {isa = PBXFileReference; fileEncoding = 4; lastKnownFileType = sourcecode.c.h; path = "mpack-config.h"; sourceTree = "<group>"; };
		012F29C41AD4524700346AC7 /* test-buffer.c */ = {isa = PBXFileReference; fileEncoding = 4; lastKnownFileType = sourcecode.c.c; path = "test-buffer.c"; sourceTree = "<group>"; };
		012F29C51AD4524700346AC7 /* test-buffer.h */ = {isa = PBXFileReference; fileEncoding = 4; lastKnownFileType = sourcecode.c.h; path = "test-buffer.h"; sourceTree = "<group>"; };
		012F29C61AD4524700346AC7 /* test-file.c */ = {isa = PBXFileReference; fileEncoding = 4; lastKnownFileType = sourcecode.c.c; path = "test-file.c"; sourceTree = "<group>"; };
		012F29C71AD4524700346AC7 /* test-file.h */ = {isa = PBXFileReference; fileEncoding = 4; lastKnownFileType = sourcecode.c.h; path = "test-file.h"; sourceTree = "<group>"; };
		012F29C81AD4524700346AC7 /* test-malloc.c */ = {isa = PBXFileReference; fileEncoding = 4; lastKnownFileType = sourcecode.c.c; path = "test-malloc.c"; sourceTree = "<group>"; };
		012F29C91AD4524700346AC7 /* test-malloc.h */ = {isa = PBXFileReference; fileEncoding = 4; lastKnownFileType = sourcecode.c.h; path = "test-malloc.h"; sourceTree = "<group>"; };
		012F29CA1AD4524700346AC7 /* test-node.c */ = {isa = PBXFileReference; fileEncoding = 4; lastKnownFileType = sourcecode.c.c; path = "test-node.c"; sourceTree = "<group>"; };
		012F29CB1AD4524700346AC7 /* test-node.h */ = {isa = PBXFileReference; fileEncoding = 4; lastKnownFileType = sourcecode.c.h; path = "test-node.h"; sourceTree = "<group>"; };
		012F29CC1AD4524700346AC7 /* test-expect.c */ = {isa = PBXFileReference; fileEncoding = 4; lastKnownFileType = sourcecode.c.c; path = "test-expect.c"; sourceTree = "<group>"; };
		012F29CD1AD4524700346AC7 /* test-expect.h */ = {isa = PBXFileReference; fileEncoding = 4; lastKnownFileType = sourcecode.c.h; path = "test-expect.h"; sourceTree = "<group>"; };
		012F29CE1AD4524700346AC7 /* test-tag.c */ = {isa = PBXFileReference; fileEncoding = 4; lastKnownFileType = sourcecode.c.c; path = "test-tag.c"; sourceTree = "<group>"; };
		012F29CF1AD4524700346AC7 /* test-tag.h */ = {isa = PBXFileReference; fileEncoding = 4; lastKnownFileType = sourcecode.c.h; path = "test-tag.h"; sourceTree = "<group>"; };
		012F29D01AD4524700346AC7 /* test-write.c */ = {isa = PBXFileReference; fileEncoding = 4; lastKnownFileType = sourcecode.c.c; path = "test-write.c"; sourceTree = "<group>"; };
		012F29D11AD4524700346AC7 /* test-write.h */ = {isa = PBXFileReference; fileEncoding = 4; lastKnownFileType = sourcecode.c.h; path = "test-write.h"; sourceTree = "<group>"; };
		012F29D21AD4524700346AC7 /* test.h */ = {isa = PBXFileReference; fileEncoding = 4; lastKnownFileType = sourcecode.c.h; path = test.h; sourceTree = "<group>"; };
/* End PBXFileReference section */

/* Begin PBXFrameworksBuildPhase section */
		012C2DA61AD450E00034C7BE /* Frameworks */ = {
			isa = PBXFrameworksBuildPhase;
			buildActionMask = 2147483647;
			files = (
			);
			runOnlyForDeploymentPostprocessing = 0;
		};
/* End PBXFrameworksBuildPhase section */

/* Begin PBXGroup section */
		012C2DA01AD450E00034C7BE = {
			isa = PBXGroup;
			children = (
				012F29AF1AD4524700346AC7 /* src */,
				012F29C11AD4524700346AC7 /* test */,
				012C2DAA1AD450E10034C7BE /* Products */,
			);
			sourceTree = "<group>";
		};
		012C2DAA1AD450E10034C7BE /* Products */ = {
			isa = PBXGroup;
			children = (
				012C2DA91AD450E10034C7BE /* MPack */,
			);
			name = Products;
			sourceTree = "<group>";
		};
		012F29AF1AD4524700346AC7 /* src */ = {
			isa = PBXGroup;
			children = (
				012F29B01AD4524700346AC7 /* mpack */,
				012F29C01AD4524700346AC7 /* mpack-config.h.sample */,
			);
			name = src;
			path = ../../src;
			sourceTree = "<group>";
		};
		012F29B01AD4524700346AC7 /* mpack */ = {
			isa = PBXGroup;
			children = (
				012F29B11AD4524700346AC7 /* mpack-common.c */,
				012F29B21AD4524700346AC7 /* mpack-common.h */,
				012F29B31AD4524700346AC7 /* mpack-expect.c */,
				012F29B41AD4524700346AC7 /* mpack-expect.h */,
				012F29B71AD4524700346AC7 /* mpack-node.c */,
				012F29B81AD4524700346AC7 /* mpack-node.h */,
				012F29B91AD4524700346AC7 /* mpack-platform.c */,
				012F29BA1AD4524700346AC7 /* mpack-platform.h */,
				012F29BB1AD4524700346AC7 /* mpack-reader.c */,
				012F29BC1AD4524700346AC7 /* mpack-reader.h */,
				012F29BD1AD4524700346AC7 /* mpack-writer.c */,
				012F29BE1AD4524700346AC7 /* mpack-writer.h */,
				012F29BF1AD4524700346AC7 /* mpack.h */,
			);
			path = mpack;
			sourceTree = "<group>";
		};
		012F29C11AD4524700346AC7 /* test */ = {
			isa = PBXGroup;
			children = (
				012F29C21AD4524700346AC7 /* test.c */,
				012F29C31AD4524700346AC7 /* mpack-config.h */,
				012F29C41AD4524700346AC7 /* test-buffer.c */,
				012F29C51AD4524700346AC7 /* test-buffer.h */,
				012F29C61AD4524700346AC7 /* test-file.c */,
				012F29C71AD4524700346AC7 /* test-file.h */,
				012F29C81AD4524700346AC7 /* test-malloc.c */,
				012F29C91AD4524700346AC7 /* test-malloc.h */,
				012F29CA1AD4524700346AC7 /* test-node.c */,
				012F29CB1AD4524700346AC7 /* test-node.h */,
				012F29CC1AD4524700346AC7 /* test-expect.c */,
				012F29CD1AD4524700346AC7 /* test-expect.h */,
				012F29CE1AD4524700346AC7 /* test-tag.c */,
				012F29CF1AD4524700346AC7 /* test-tag.h */,
				012F29D01AD4524700346AC7 /* test-write.c */,
				012F29D11AD4524700346AC7 /* test-write.h */,
				012F29D21AD4524700346AC7 /* test.h */,
			);
			name = test;
			path = ../../test;
			sourceTree = "<group>";
		};
/* End PBXGroup section */

/* Begin PBXNativeTarget section */
		012C2DA81AD450E00034C7BE /* MPack */ = {
			isa = PBXNativeTarget;
			buildConfigurationList = 012C2DB21AD450E10034C7BE /* Build configuration list for PBXNativeTarget "MPack" */;
			buildPhases = (
				012C2DA51AD450E00034C7BE /* Sources */,
				012C2DA61AD450E00034C7BE /* Frameworks */,
				012C2DA71AD450E00034C7BE /* CopyFiles */,
			);
			buildRules = (
			);
			dependencies = (
			);
			name = MPack;
			productName = MPack;
			productReference = 012C2DA91AD450E10034C7BE /* MPack */;
			productType = "com.apple.product-type.tool";
		};
/* End PBXNativeTarget section */

/* Begin PBXProject section */
		012C2DA11AD450E00034C7BE /* Project object */ = {
			isa = PBXProject;
			attributes = {
				LastUpgradeCheck = 0510;
				ORGANIZATIONNAME = ludocode;
			};
			buildConfigurationList = 012C2DA41AD450E00034C7BE /* Build configuration list for PBXProject "MPack" */;
			compatibilityVersion = "Xcode 3.2";
			developmentRegion = English;
			hasScannedForEncodings = 0;
			knownRegions = (
				en,
			);
			mainGroup = 012C2DA01AD450E00034C7BE;
			productRefGroup = 012C2DAA1AD450E10034C7BE /* Products */;
			projectDirPath = "";
			projectRoot = "";
			targets = (
				012C2DA81AD450E00034C7BE /* MPack */,
			);
		};
/* End PBXProject section */

/* Begin PBXSourcesBuildPhase section */
		012C2DA51AD450E00034C7BE /* Sources */ = {
			isa = PBXSourcesBuildPhase;
			buildActionMask = 2147483647;
			files = (
				012F29D61AD4524700346AC7 /* mpack-node.c in Sources */,
				012F29DB1AD4524700346AC7 /* test-buffer.c in Sources */,
				012F29D31AD4524700346AC7 /* mpack-common.c in Sources */,
				012F29D41AD4524700346AC7 /* mpack-expect.c in Sources */,
				012F29D81AD4524700346AC7 /* mpack-reader.c in Sources */,
				012F29DA1AD4524700346AC7 /* test.c in Sources */,
				012F29DD1AD4524700346AC7 /* test-malloc.c in Sources */,
				012F29DE1AD4524700346AC7 /* test-node.c in Sources */,
				012F29E01AD4524700346AC7 /* test-tag.c in Sources */,
				012F29DF1AD4524700346AC7 /* test-expect.c in Sources */,
				012F29D91AD4524700346AC7 /* mpack-writer.c in Sources */,
				012F29D71AD4524700346AC7 /* mpack-platform.c in Sources */,
				012F29E11AD4524700346AC7 /* test-write.c in Sources */,
				012F29DC1AD4524700346AC7 /* test-file.c in Sources */,
			);
			runOnlyForDeploymentPostprocessing = 0;
		};
/* End PBXSourcesBuildPhase section */

/* Begin XCBuildConfiguration section */
		012C2DB01AD450E10034C7BE /* Debug */ = {
			isa = XCBuildConfiguration;
			buildSettings = {
				ALWAYS_SEARCH_USER_PATHS = NO;
				CLANG_CXX_LANGUAGE_STANDARD = "gnu++0x";
				CLANG_CXX_LIBRARY = "libc++";
				CLANG_ENABLE_MODULES = YES;
				CLANG_ENABLE_OBJC_ARC = YES;
				CLANG_WARN_BOOL_CONVERSION = YES;
				CLANG_WARN_CONSTANT_CONVERSION = YES;
				CLANG_WARN_DIRECT_OBJC_ISA_USAGE = YES_ERROR;
				CLANG_WARN_EMPTY_BODY = YES;
				CLANG_WARN_ENUM_CONVERSION = YES;
				CLANG_WARN_INT_CONVERSION = YES;
				CLANG_WARN_OBJC_ROOT_CLASS = YES_ERROR;
				CLANG_WARN__DUPLICATE_METHOD_MATCH = YES;
				COPY_PHASE_STRIP = NO;
				GCC_C_LANGUAGE_STANDARD = gnu99;
				GCC_DYNAMIC_NO_PIC = NO;
				GCC_ENABLE_OBJC_EXCEPTIONS = YES;
				GCC_OPTIMIZATION_LEVEL = 0;
				GCC_PREPROCESSOR_DEFINITIONS = (
					"DEBUG=1",
					"$(inherited)",
				);
				GCC_SYMBOLS_PRIVATE_EXTERN = NO;
				GCC_WARN_64_TO_32_BIT_CONVERSION = YES;
				GCC_WARN_ABOUT_RETURN_TYPE = YES_ERROR;
				GCC_WARN_UNDECLARED_SELECTOR = YES;
				GCC_WARN_UNINITIALIZED_AUTOS = YES_AGGRESSIVE;
				GCC_WARN_UNUSED_FUNCTION = YES;
				GCC_WARN_UNUSED_VARIABLE = YES;
				MACOSX_DEPLOYMENT_TARGET = 10.9;
				ONLY_ACTIVE_ARCH = YES;
				SDKROOT = macosx;
			};
			name = Debug;
		};
		012C2DB11AD450E10034C7BE /* Release */ = {
			isa = XCBuildConfiguration;
			buildSettings = {
				ALWAYS_SEARCH_USER_PATHS = NO;
				CLANG_CXX_LANGUAGE_STANDARD = "gnu++0x";
				CLANG_CXX_LIBRARY = "libc++";
				CLANG_ENABLE_MODULES = YES;
				CLANG_ENABLE_OBJC_ARC = YES;
				CLANG_WARN_BOOL_CONVERSION = YES;
				CLANG_WARN_CONSTANT_CONVERSION = YES;
				CLANG_WARN_DIRECT_OBJC_ISA_USAGE = YES_ERROR;
				CLANG_WARN_EMPTY_BODY = YES;
				CLANG_WARN_ENUM_CONVERSION = YES;
				CLANG_WARN_INT_CONVERSION = YES;
				CLANG_WARN_OBJC_ROOT_CLASS = YES_ERROR;
				CLANG_WARN__DUPLICATE_METHOD_MATCH = YES;
				COPY_PHASE_STRIP = YES;
				DEBUG_INFORMATION_FORMAT = "dwarf-with-dsym";
				ENABLE_NS_ASSERTIONS = NO;
				GCC_C_LANGUAGE_STANDARD = gnu99;
				GCC_ENABLE_OBJC_EXCEPTIONS = YES;
				GCC_WARN_64_TO_32_BIT_CONVERSION = YES;
				GCC_WARN_ABOUT_RETURN_TYPE = YES_ERROR;
				GCC_WARN_UNDECLARED_SELECTOR = YES;
				GCC_WARN_UNINITIALIZED_AUTOS = YES_AGGRESSIVE;
				GCC_WARN_UNUSED_FUNCTION = YES;
				GCC_WARN_UNUSED_VARIABLE = YES;
				MACOSX_DEPLOYMENT_TARGET = 10.9;
				SDKROOT = macosx;
			};
			name = Release;
		};
		012C2DB31AD450E10034C7BE /* Debug */ = {
			isa = XCBuildConfiguration;
			buildSettings = {
				PRODUCT_NAME = "$(TARGET_NAME)";
				USER_HEADER_SEARCH_PATHS = "$(SRCROOT)/../../test $(SRCROOT)/../../src";
			};
			name = Debug;
		};
		012C2DB41AD450E10034C7BE /* Release */ = {
			isa = XCBuildConfiguration;
			buildSettings = {
				PRODUCT_NAME = "$(TARGET_NAME)";
				USER_HEADER_SEARCH_PATHS = "$(SRCROOT)/../../test $(SRCROOT)/../../src";
			};
			name = Release;
		};
/* End XCBuildConfiguration section */

/* Begin XCConfigurationList section */
		012C2DA41AD450E00034C7BE /* Build configuration list for PBXProject "MPack" */ = {
			isa = XCConfigurationList;
			buildConfigurations = (
				012C2DB01AD450E10034C7BE /* Debug */,
				012C2DB11AD450E10034C7BE /* Release */,
			);
			defaultConfigurationIsVisible = 0;
			defaultConfigurationName = Release;
		};
		012C2DB21AD450E10034C7BE /* Build configuration list for PBXNativeTarget "MPack" */ = {
			isa = XCConfigurationList;
			buildConfigurations = (
				012C2DB31AD450E10034C7BE /* Debug */,
				012C2DB41AD450E10034C7BE /* Release */,
			);
			defaultConfigurationIsVisible = 0;
			defaultConfigurationName = Release;
		};
/* End XCConfigurationList section */
	};
	rootObject = 012C2DA11AD450E00034C7BE /* Project object */;
}
