
Microsoft Visual Studio Solution File, Format Version 12.00
# Visual Studio 2013
VisualStudioVersion = 12.0.31101.0
MinimumVisualStudioVersion = 10.0.40219.1
Project("{8BC9CEB8-8B4A-11D0-8D11-00A0C91BC942}") = "mpack", "mpack.vcxproj", "{43A2C901-A389-4C88-9FA6-1A7FF2BDF9BF}"
EndProject
Global
	GlobalSection(SolutionConfigurationPlatforms) = preSolution
		Debug|Win32 = Debug|Win32
		Release|Win32 = Release|Win32
	EndGlobalSection
	GlobalSection(ProjectConfigurationPlatforms) = postSolution
		{43A2C901-A389-4C88-9FA6-1A7FF2BDF9BF}.Debug|Win32.ActiveCfg = Debug|Win32
		{43A2C901-A389-4C88-9FA6-1A7FF2BDF9BF}.Debug|Win32.Build.0 = Debug|Win32
		{43A2C901-A389-4C88-9FA6-1A7FF2BDF9BF}.Release|Win32.ActiveCfg = Release|Win32
		{43A2C901-A389-4C88-9FA6-1A7FF2BDF9BF}.Release|Win32.Build.0 = Release|Win32
	EndGlobalSection
	GlobalSection(SolutionProperties) = preSolution
		HideSolutionNode = FALSE
	EndGlobalSection
EndGlobal
